
Microsoft Visual Studio Solution File, Format Version 12.00
# Visual Studio 15
VisualStudioVersion = 15.0.28307.1267
MinimumVisualStudioVersion = 10.0.40219.1
Project("{FAE04EC0-301F-11D3-BF4B-00C04F79EFBC}") = "Producer", "Producer\Producer.csproj", "{924815A3-09F0-4C5B-BD40-77585CA1E439}"
EndProject
Project("{FAE04EC0-301F-11D3-BF4B-00C04F79EFBC}") = "Consumer", "Consumer\Consumer.csproj", "{0946D616-6A1A-43E4-84FC-15DB41293266}"
EndProject
Global
	GlobalSection(SolutionConfigurationPlatforms) = preSolution
		Debug|Any CPU = Debug|Any CPU
		Release|Any CPU = Release|Any CPU
	EndGlobalSection
	GlobalSection(ProjectConfigurationPlatforms) = postSolution
		{924815A3-09F0-4C5B-BD40-77585CA1E439}.Debug|Any CPU.ActiveCfg = Debug|Any CPU
		{924815A3-09F0-4C5B-BD40-77585CA1E439}.Debug|Any CPU.Build.0 = Debug|Any CPU
		{924815A3-09F0-4C5B-BD40-77585CA1E439}.Release|Any CPU.ActiveCfg = Release|Any CPU
		{924815A3-09F0-4C5B-BD40-77585CA1E439}.Release|Any CPU.Build.0 = Release|Any CPU
		{0946D616-6A1A-43E4-84FC-15DB41293266}.Debug|Any CPU.ActiveCfg = Debug|Any CPU
		{0946D616-6A1A-43E4-84FC-15DB41293266}.Debug|Any CPU.Build.0 = Debug|Any CPU
		{0946D616-6A1A-43E4-84FC-15DB41293266}.Release|Any CPU.ActiveCfg = Release|Any CPU
		{0946D616-6A1A-43E4-84FC-15DB41293266}.Release|Any CPU.Build.0 = Release|Any CPU
	EndGlobalSection
	GlobalSection(SolutionProperties) = preSolution
		HideSolutionNode = FALSE
	EndGlobalSection
	GlobalSection(ExtensibilityGlobals) = postSolution
		SolutionGuid = {AA03E6E8-8686-444D-8B1F-5CBB8000048F}
	EndGlobalSection
EndGlobal
